
Microsoft Visual Studio Solution File, Format Version 12.00
# Visual Studio Version 16
VisualStudioVersion = 16.0.30503.244
MinimumVisualStudioVersion = 10.0.40219.1
Project("{FAE04EC0-301F-11D3-BF4B-00C04F79EFBC}") = "Log Filter", "Log Filter\Log Filter.csproj", "{4CA9C4F6-83C9-4440-A7A4-72A2AD8B358A}"
EndProject
Global
	GlobalSection(SolutionConfigurationPlatforms) = preSolution
		Debug|Any CPU = Debug|Any CPU
		Release|Any CPU = Release|Any CPU
	EndGlobalSection
	GlobalSection(ProjectConfigurationPlatforms) = postSolution
		{4CA9C4F6-83C9-4440-A7A4-72A2AD8B358A}.Debug|Any CPU.ActiveCfg = Debug|Any CPU
		{4CA9C4F6-83C9-4440-A7A4-72A2AD8B358A}.Debug|Any CPU.Build.0 = Debug|Any CPU
		{4CA9C4F6-83C9-4440-A7A4-72A2AD8B358A}.Release|Any CPU.ActiveCfg = Release|Any CPU
		{4CA9C4F6-83C9-4440-A7A4-72A2AD8B358A}.Release|Any CPU.Build.0 = Release|Any CPU
	EndGlobalSection
	GlobalSection(SolutionProperties) = preSolution
		HideSolutionNode = FALSE
	EndGlobalSection
	GlobalSection(ExtensibilityGlobals) = postSolution
		SolutionGuid = {5635B6B4-88BF-478E-8E53-93D2D81351A4}
	EndGlobalSection
EndGlobal
